// !$*UTF8*$!
{
	archiveVersion = 1;
	classes = {
	};
	objectVersion = 56;
	objects = {

/* Begin PBXBuildFile section */
		AEF37A602A160A2B0026F91A /* AppDelegate.swift in Sources */ = {isa = PBXBuildFile; fileRef = AEF37A5F2A160A2B0026F91A /* AppDelegate.swift */; };
		AEF37A622A160A2B0026F91A /* SceneDelegate.swift in Sources */ = {isa = PBXBuildFile; fileRef = AEF37A612A160A2B0026F91A /* SceneDelegate.swift */; };
		AEF37A692A160A2C0026F91A /* Assets.xcassets in Resources */ = {isa = PBXBuildFile; fileRef = AEF37A682A160A2C0026F91A /* Assets.xcassets */; };
		AEF37A6C2A160A2C0026F91A /* LaunchScreen.storyboard in Resources */ = {isa = PBXBuildFile; fileRef = AEF37A6A2A160A2C0026F91A /* LaunchScreen.storyboard */; };
		AEF37A7C2A1610060026F91A /* CharacterListContentView.swift in Sources */ = {isa = PBXBuildFile; fileRef = AEF37A7B2A1610060026F91A /* CharacterListContentView.swift */; };
		AEF37A7E2A1610B70026F91A /* CharacterListVC.swift in Sources */ = {isa = PBXBuildFile; fileRef = AEF37A7D2A1610B70026F91A /* CharacterListVC.swift */; };
		AEF37A802A1611170026F91A /* StringConstants.swift in Sources */ = {isa = PBXBuildFile; fileRef = AEF37A7F2A1611170026F91A /* StringConstants.swift */; };
		AEF37A832A16123F0026F91A /* CharacterTableViewCell.swift in Sources */ = {isa = PBXBuildFile; fileRef = AEF37A822A16123F0026F91A /* CharacterTableViewCell.swift */; };
		AEF37A862A16230D0026F91A /* ViewSizeConstants.swift in Sources */ = {isa = PBXBuildFile; fileRef = AEF37A852A16230D0026F91A /* ViewSizeConstants.swift */; };
/* End PBXBuildFile section */

/* Begin PBXFileReference section */
		AEF37A5C2A160A2B0026F91A /* RickAndMortyApp.app */ = {isa = PBXFileReference; explicitFileType = wrapper.application; includeInIndex = 0; path = RickAndMortyApp.app; sourceTree = BUILT_PRODUCTS_DIR; };
		AEF37A5F2A160A2B0026F91A /* AppDelegate.swift */ = {isa = PBXFileReference; lastKnownFileType = sourcecode.swift; path = AppDelegate.swift; sourceTree = "<group>"; };
		AEF37A612A160A2B0026F91A /* SceneDelegate.swift */ = {isa = PBXFileReference; lastKnownFileType = sourcecode.swift; path = SceneDelegate.swift; sourceTree = "<group>"; };
		AEF37A682A160A2C0026F91A /* Assets.xcassets */ = {isa = PBXFileReference; lastKnownFileType = folder.assetcatalog; path = Assets.xcassets; sourceTree = "<group>"; };
		AEF37A6B2A160A2C0026F91A /* Base */ = {isa = PBXFileReference; lastKnownFileType = file.storyboard; name = Base; path = Base.lproj/LaunchScreen.storyboard; sourceTree = "<group>"; };
		AEF37A6D2A160A2C0026F91A /* Info.plist */ = {isa = PBXFileReference; lastKnownFileType = text.plist.xml; path = Info.plist; sourceTree = "<group>"; };
		AEF37A7B2A1610060026F91A /* CharacterListContentView.swift */ = {isa = PBXFileReference; lastKnownFileType = sourcecode.swift; path = CharacterListContentView.swift; sourceTree = "<group>"; };
		AEF37A7D2A1610B70026F91A /* CharacterListVC.swift */ = {isa = PBXFileReference; lastKnownFileType = sourcecode.swift; path = CharacterListVC.swift; sourceTree = "<group>"; };
		AEF37A7F2A1611170026F91A /* StringConstants.swift */ = {isa = PBXFileReference; lastKnownFileType = sourcecode.swift; path = StringConstants.swift; sourceTree = "<group>"; };
		AEF37A822A16123F0026F91A /* CharacterTableViewCell.swift */ = {isa = PBXFileReference; lastKnownFileType = sourcecode.swift; path = CharacterTableViewCell.swift; sourceTree = "<group>"; };
		AEF37A852A16230D0026F91A /* ViewSizeConstants.swift */ = {isa = PBXFileReference; lastKnownFileType = sourcecode.swift; path = ViewSizeConstants.swift; sourceTree = "<group>"; };
/* End PBXFileReference section */

/* Begin PBXFrameworksBuildPhase section */
		AEF37A592A160A2B0026F91A /* Frameworks */ = {
			isa = PBXFrameworksBuildPhase;
			buildActionMask = 2147483647;
			files = (
			);
			runOnlyForDeploymentPostprocessing = 0;
		};
/* End PBXFrameworksBuildPhase section */

/* Begin PBXGroup section */
		AEF37A532A160A2B0026F91A = {
			isa = PBXGroup;
			children = (
				AEF37A5E2A160A2B0026F91A /* RickAndMortyApp */,
				AEF37A5D2A160A2B0026F91A /* Products */,
			);
			sourceTree = "<group>";
		};
		AEF37A5D2A160A2B0026F91A /* Products */ = {
			isa = PBXGroup;
			children = (
				AEF37A5C2A160A2B0026F91A /* RickAndMortyApp.app */,
			);
			name = Products;
			sourceTree = "<group>";
		};
		AEF37A5E2A160A2B0026F91A /* RickAndMortyApp */ = {
			isa = PBXGroup;
			children = (
				AEF37A752A160E5E0026F91A /* Source */,
				AEF37A742A160E200026F91A /* Resources */,
				AEF37A732A160C140026F91A /* Support */,
				AEF37A6D2A160A2C0026F91A /* Info.plist */,
			);
			path = RickAndMortyApp;
			sourceTree = "<group>";
		};
		AEF37A732A160C140026F91A /* Support */ = {
			isa = PBXGroup;
			children = (
				AEF37A5F2A160A2B0026F91A /* AppDelegate.swift */,
				AEF37A612A160A2B0026F91A /* SceneDelegate.swift */,
				AEF37A6A2A160A2C0026F91A /* LaunchScreen.storyboard */,
			);
			path = Support;
			sourceTree = "<group>";
		};
		AEF37A742A160E200026F91A /* Resources */ = {
			isa = PBXGroup;
			children = (
				AEF37A682A160A2C0026F91A /* Assets.xcassets */,
				AEF37A7F2A1611170026F91A /* StringConstants.swift */,
				AEF37A852A16230D0026F91A /* ViewSizeConstants.swift */,
			);
			path = Resources;
			sourceTree = "<group>";
		};
		AEF37A752A160E5E0026F91A /* Source */ = {
			isa = PBXGroup;
			children = (
				AEF37A762A160F490026F91A /* CharacterList */,
			);
			path = Source;
			sourceTree = "<group>";
		};
		AEF37A762A160F490026F91A /* CharacterList */ = {
			isa = PBXGroup;
			children = (
				AEF37A782A160F580026F91A /* View */,
				AEF37A772A160F510026F91A /* VC */,
			);
			path = CharacterList;
			sourceTree = "<group>";
		};
		AEF37A772A160F510026F91A /* VC */ = {
			isa = PBXGroup;
			children = (
				AEF37A7D2A1610B70026F91A /* CharacterListVC.swift */,
			);
			path = VC;
			sourceTree = "<group>";
		};
		AEF37A782A160F580026F91A /* View */ = {
			isa = PBXGroup;
			children = (
				AEF37A812A16121C0026F91A /* Cell */,
				AEF37A7B2A1610060026F91A /* CharacterListContentView.swift */,
			);
			path = View;
			sourceTree = "<group>";
		};
		AEF37A812A16121C0026F91A /* Cell */ = {
			isa = PBXGroup;
			children = (
				AEF37A822A16123F0026F91A /* CharacterTableViewCell.swift */,
			);
			path = Cell;
			sourceTree = "<group>";
		};
/* End PBXGroup section */

/* Begin PBXNativeTarget section */
		AEF37A5B2A160A2B0026F91A /* RickAndMortyApp */ = {
			isa = PBXNativeTarget;
			buildConfigurationList = AEF37A702A160A2C0026F91A /* Build configuration list for PBXNativeTarget "RickAndMortyApp" */;
			buildPhases = (
				AEF37A582A160A2B0026F91A /* Sources */,
				AEF37A592A160A2B0026F91A /* Frameworks */,
				AEF37A5A2A160A2B0026F91A /* Resources */,
			);
			buildRules = (
			);
			dependencies = (
			);
			name = RickAndMortyApp;
			productName = RickAndMortyApp;
			productReference = AEF37A5C2A160A2B0026F91A /* RickAndMortyApp.app */;
			productType = "com.apple.product-type.application";
		};
/* End PBXNativeTarget section */

/* Begin PBXProject section */
		AEF37A542A160A2B0026F91A /* Project object */ = {
			isa = PBXProject;
			attributes = {
				BuildIndependentTargetsInParallel = 1;
				LastSwiftUpdateCheck = 1430;
				LastUpgradeCheck = 1430;
				TargetAttributes = {
					AEF37A5B2A160A2B0026F91A = {
						CreatedOnToolsVersion = 14.3;
					};
				};
			};
			buildConfigurationList = AEF37A572A160A2B0026F91A /* Build configuration list for PBXProject "RickAndMortyApp" */;
			compatibilityVersion = "Xcode 14.0";
			developmentRegion = en;
			hasScannedForEncodings = 0;
			knownRegions = (
				en,
				Base,
			);
			mainGroup = AEF37A532A160A2B0026F91A;
			productRefGroup = AEF37A5D2A160A2B0026F91A /* Products */;
			projectDirPath = "";
			projectRoot = "";
			targets = (
				AEF37A5B2A160A2B0026F91A /* RickAndMortyApp */,
			);
		};
/* End PBXProject section */

/* Begin PBXResourcesBuildPhase section */
		AEF37A5A2A160A2B0026F91A /* Resources */ = {
			isa = PBXResourcesBuildPhase;
			buildActionMask = 2147483647;
			files = (
				AEF37A6C2A160A2C0026F91A /* LaunchScreen.storyboard in Resources */,
				AEF37A692A160A2C0026F91A /* Assets.xcassets in Resources */,
			);
			runOnlyForDeploymentPostprocessing = 0;
		};
/* End PBXResourcesBuildPhase section */

/* Begin PBXSourcesBuildPhase section */
		AEF37A582A160A2B0026F91A /* Sources */ = {
			isa = PBXSourcesBuildPhase;
			buildActionMask = 2147483647;
			files = (
				AEF37A602A160A2B0026F91A /* AppDelegate.swift in Sources */,
				AEF37A622A160A2B0026F91A /* SceneDelegate.swift in Sources */,
				AEF37A7E2A1610B70026F91A /* CharacterListVC.swift in Sources */,
				AEF37A862A16230D0026F91A /* ViewSizeConstants.swift in Sources */,
				AEF37A802A1611170026F91A /* StringConstants.swift in Sources */,
				AEF37A7C2A1610060026F91A /* CharacterListContentView.swift in Sources */,
				AEF37A832A16123F0026F91A /* CharacterTableViewCell.swift in Sources */,
			);
			runOnlyForDeploymentPostprocessing = 0;
		};
/* End PBXSourcesBuildPhase section */

/* Begin PBXVariantGroup section */
		AEF37A6A2A160A2C0026F91A /* LaunchScreen.storyboard */ = {
			isa = PBXVariantGroup;
			children = (
				AEF37A6B2A160A2C0026F91A /* Base */,
			);
			name = LaunchScreen.storyboard;
			sourceTree = "<group>";
		};
/* End PBXVariantGroup section */

/* Begin XCBuildConfiguration section */
		AEF37A6E2A160A2C0026F91A /* Debug */ = {
			isa = XCBuildConfiguration;
			buildSettings = {
				ALWAYS_SEARCH_USER_PATHS = NO;
				CLANG_ANALYZER_NONNULL = YES;
				CLANG_ANALYZER_NUMBER_OBJECT_CONVERSION = YES_AGGRESSIVE;
				CLANG_CXX_LANGUAGE_STANDARD = "gnu++20";
				CLANG_ENABLE_MODULES = YES;
				CLANG_ENABLE_OBJC_ARC = YES;
				CLANG_ENABLE_OBJC_WEAK = YES;
				CLANG_WARN_BLOCK_CAPTURE_AUTORELEASING = YES;
				CLANG_WARN_BOOL_CONVERSION = YES;
				CLANG_WARN_COMMA = YES;
				CLANG_WARN_CONSTANT_CONVERSION = YES;
				CLANG_WARN_DEPRECATED_OBJC_IMPLEMENTATIONS = YES;
				CLANG_WARN_DIRECT_OBJC_ISA_USAGE = YES_ERROR;
				CLANG_WARN_DOCUMENTATION_COMMENTS = YES;
				CLANG_WARN_EMPTY_BODY = YES;
				CLANG_WARN_ENUM_CONVERSION = YES;
				CLANG_WARN_INFINITE_RECURSION = YES;
				CLANG_WARN_INT_CONVERSION = YES;
				CLANG_WARN_NON_LITERAL_NULL_CONVERSION = YES;
				CLANG_WARN_OBJC_IMPLICIT_RETAIN_SELF = YES;
				CLANG_WARN_OBJC_LITERAL_CONVERSION = YES;
				CLANG_WARN_OBJC_ROOT_CLASS = YES_ERROR;
				CLANG_WARN_QUOTED_INCLUDE_IN_FRAMEWORK_HEADER = YES;
				CLANG_WARN_RANGE_LOOP_ANALYSIS = YES;
				CLANG_WARN_STRICT_PROTOTYPES = YES;
				CLANG_WARN_SUSPICIOUS_MOVE = YES;
				CLANG_WARN_UNGUARDED_AVAILABILITY = YES_AGGRESSIVE;
				CLANG_WARN_UNREACHABLE_CODE = YES;
				CLANG_WARN__DUPLICATE_METHOD_MATCH = YES;
				COPY_PHASE_STRIP = NO;
				DEBUG_INFORMATION_FORMAT = dwarf;
				ENABLE_STRICT_OBJC_MSGSEND = YES;
				ENABLE_TESTABILITY = YES;
				GCC_C_LANGUAGE_STANDARD = gnu11;
				GCC_DYNAMIC_NO_PIC = NO;
				GCC_NO_COMMON_BLOCKS = YES;
				GCC_OPTIMIZATION_LEVEL = 0;
				GCC_PREPROCESSOR_DEFINITIONS = (
					"DEBUG=1",
					"$(inherited)",
				);
				GCC_WARN_64_TO_32_BIT_CONVERSION = YES;
				GCC_WARN_ABOUT_RETURN_TYPE = YES_ERROR;
				GCC_WARN_UNDECLARED_SELECTOR = YES;
				GCC_WARN_UNINITIALIZED_AUTOS = YES_AGGRESSIVE;
				GCC_WARN_UNUSED_FUNCTION = YES;
				GCC_WARN_UNUSED_VARIABLE = YES;
				IPHONEOS_DEPLOYMENT_TARGET = 16.4;
				MTL_ENABLE_DEBUG_INFO = INCLUDE_SOURCE;
				MTL_FAST_MATH = YES;
				ONLY_ACTIVE_ARCH = YES;
				SDKROOT = iphoneos;
				SWIFT_ACTIVE_COMPILATION_CONDITIONS = DEBUG;
				SWIFT_OPTIMIZATION_LEVEL = "-Onone";
			};
			name = Debug;
		};
		AEF37A6F2A160A2C0026F91A /* Release */ = {
			isa = XCBuildConfiguration;
			buildSettings = {
				ALWAYS_SEARCH_USER_PATHS = NO;
				CLANG_ANALYZER_NONNULL = YES;
				CLANG_ANALYZER_NUMBER_OBJECT_CONVERSION = YES_AGGRESSIVE;
				CLANG_CXX_LANGUAGE_STANDARD = "gnu++20";
				CLANG_ENABLE_MODULES = YES;
				CLANG_ENABLE_OBJC_ARC = YES;
				CLANG_ENABLE_OBJC_WEAK = YES;
				CLANG_WARN_BLOCK_CAPTURE_AUTORELEASING = YES;
				CLANG_WARN_BOOL_CONVERSION = YES;
				CLANG_WARN_COMMA = YES;
				CLANG_WARN_CONSTANT_CONVERSION = YES;
				CLANG_WARN_DEPRECATED_OBJC_IMPLEMENTATIONS = YES;
				CLANG_WARN_DIRECT_OBJC_ISA_USAGE = YES_ERROR;
				CLANG_WARN_DOCUMENTATION_COMMENTS = YES;
				CLANG_WARN_EMPTY_BODY = YES;
				CLANG_WARN_ENUM_CONVERSION = YES;
				CLANG_WARN_INFINITE_RECURSION = YES;
				CLANG_WARN_INT_CONVERSION = YES;
				CLANG_WARN_NON_LITERAL_NULL_CONVERSION = YES;
				CLANG_WARN_OBJC_IMPLICIT_RETAIN_SELF = YES;
				CLANG_WARN_OBJC_LITERAL_CONVERSION = YES;
				CLANG_WARN_OBJC_ROOT_CLASS = YES_ERROR;
				CLANG_WARN_QUOTED_INCLUDE_IN_FRAMEWORK_HEADER = YES;
				CLANG_WARN_RANGE_LOOP_ANALYSIS = YES;
				CLANG_WARN_STRICT_PROTOTYPES = YES;
				CLANG_WARN_SUSPICIOUS_MOVE = YES;
				CLANG_WARN_UNGUARDED_AVAILABILITY = YES_AGGRESSIVE;
				CLANG_WARN_UNREACHABLE_CODE = YES;
				CLANG_WARN__DUPLICATE_METHOD_MATCH = YES;
				COPY_PHASE_STRIP = NO;
				DEBUG_INFORMATION_FORMAT = "dwarf-with-dsym";
				ENABLE_NS_ASSERTIONS = NO;
				ENABLE_STRICT_OBJC_MSGSEND = YES;
				GCC_C_LANGUAGE_STANDARD = gnu11;
				GCC_NO_COMMON_BLOCKS = YES;
				GCC_WARN_64_TO_32_BIT_CONVERSION = YES;
				GCC_WARN_ABOUT_RETURN_TYPE = YES_ERROR;
				GCC_WARN_UNDECLARED_SELECTOR = YES;
				GCC_WARN_UNINITIALIZED_AUTOS = YES_AGGRESSIVE;
				GCC_WARN_UNUSED_FUNCTION = YES;
				GCC_WARN_UNUSED_VARIABLE = YES;
				IPHONEOS_DEPLOYMENT_TARGET = 16.4;
				MTL_ENABLE_DEBUG_INFO = NO;
				MTL_FAST_MATH = YES;
				SDKROOT = iphoneos;
				SWIFT_COMPILATION_MODE = wholemodule;
				SWIFT_OPTIMIZATION_LEVEL = "-O";
				VALIDATE_PRODUCT = YES;
			};
			name = Release;
		};
		AEF37A712A160A2C0026F91A /* Debug */ = {
			isa = XCBuildConfiguration;
			buildSettings = {
				ASSETCATALOG_COMPILER_APPICON_NAME = AppIcon;
				ASSETCATALOG_COMPILER_GLOBAL_ACCENT_COLOR_NAME = AccentColor;
				CODE_SIGN_STYLE = Automatic;
				CURRENT_PROJECT_VERSION = 1;
				DEVELOPMENT_TEAM = 7DQ27655C6;
				GENERATE_INFOPLIST_FILE = YES;
				INFOPLIST_FILE = RickAndMortyApp/Info.plist;
				INFOPLIST_KEY_UIApplicationSupportsIndirectInputEvents = YES;
				INFOPLIST_KEY_UILaunchStoryboardName = LaunchScreen;
				INFOPLIST_KEY_UIMainStoryboardFile = Main;
				INFOPLIST_KEY_UISupportedInterfaceOrientations = UIInterfaceOrientationPortrait;
				INFOPLIST_KEY_UISupportedInterfaceOrientations_iPad = "UIInterfaceOrientationLandscapeLeft UIInterfaceOrientationLandscapeRight UIInterfaceOrientationPortrait UIInterfaceOrientationPortraitUpsideDown";
				IPHONEOS_DEPLOYMENT_TARGET = 16.0;
				LD_RUNPATH_SEARCH_PATHS = (
					"$(inherited)",
					"@executable_path/Frameworks",
				);
				MARKETING_VERSION = 1.0;
				PRODUCT_BUNDLE_IDENTIFIER = com.ahmer.RickAndMortyApp;
				PRODUCT_NAME = "$(TARGET_NAME)";
				SUPPORTED_PLATFORMS = "iphoneos iphonesimulator";
				SUPPORTS_MACCATALYST = NO;
				SUPPORTS_MAC_DESIGNED_FOR_IPHONE_IPAD = NO;
				SWIFT_EMIT_LOC_STRINGS = YES;
				SWIFT_VERSION = 5.0;
				TARGETED_DEVICE_FAMILY = 1;
			};
			name = Debug;
		};
		AEF37A722A160A2C0026F91A /* Release */ = {
			isa = XCBuildConfiguration;
			buildSettings = {
				ASSETCATALOG_COMPILER_APPICON_NAME = AppIcon;
				ASSETCATALOG_COMPILER_GLOBAL_ACCENT_COLOR_NAME = AccentColor;
				CODE_SIGN_STYLE = Automatic;
				CURRENT_PROJECT_VERSION = 1;
				DEVELOPMENT_TEAM = 7DQ27655C6;
				GENERATE_INFOPLIST_FILE = YES;
				INFOPLIST_FILE = RickAndMortyApp/Info.plist;
				INFOPLIST_KEY_UIApplicationSupportsIndirectInputEvents = YES;
				INFOPLIST_KEY_UILaunchStoryboardName = LaunchScreen;
				INFOPLIST_KEY_UIMainStoryboardFile = Main;
				INFOPLIST_KEY_UISupportedInterfaceOrientations = UIInterfaceOrientationPortrait;
				INFOPLIST_KEY_UISupportedInterfaceOrientations_iPad = "UIInterfaceOrientationLandscapeLeft UIInterfaceOrientationLandscapeRight UIInterfaceOrientationPortrait UIInterfaceOrientationPortraitUpsideDown";
				IPHONEOS_DEPLOYMENT_TARGET = 16.0;
				LD_RUNPATH_SEARCH_PATHS = (
					"$(inherited)",
					"@executable_path/Frameworks",
				);
				MARKETING_VERSION = 1.0;
				PRODUCT_BUNDLE_IDENTIFIER = com.ahmer.RickAndMortyApp;
				PRODUCT_NAME = "$(TARGET_NAME)";
				SUPPORTED_PLATFORMS = "iphoneos iphonesimulator";
				SUPPORTS_MACCATALYST = NO;
				SUPPORTS_MAC_DESIGNED_FOR_IPHONE_IPAD = NO;
				SWIFT_EMIT_LOC_STRINGS = YES;
				SWIFT_VERSION = 5.0;
				TARGETED_DEVICE_FAMILY = 1;
			};
			name = Release;
		};
/* End XCBuildConfiguration section */

/* Begin XCConfigurationList section */
		AEF37A572A160A2B0026F91A /* Build configuration list for PBXProject "RickAndMortyApp" */ = {
			isa = XCConfigurationList;
			buildConfigurations = (
				AEF37A6E2A160A2C0026F91A /* Debug */,
				AEF37A6F2A160A2C0026F91A /* Release */,
			);
			defaultConfigurationIsVisible = 0;
			defaultConfigurationName = Release;
		};
		AEF37A702A160A2C0026F91A /* Build configuration list for PBXNativeTarget "RickAndMortyApp" */ = {
			isa = XCConfigurationList;
			buildConfigurations = (
				AEF37A712A160A2C0026F91A /* Debug */,
				AEF37A722A160A2C0026F91A /* Release */,
			);
			defaultConfigurationIsVisible = 0;
			defaultConfigurationName = Release;
		};
/* End XCConfigurationList section */
	};
	rootObject = AEF37A542A160A2B0026F91A /* Project object */;
}
